// !$*UTF8*$!
{
	archiveVersion = 1;
	classes = {
	};
	objectVersion = 46;
	objects = {

/* Begin PBXBuildFile section */
		942879671F216F94001C75FF /* KnobStyleKit.swift in Sources */ = {isa = PBXBuildFile; fileRef = 942879661F216F94001C75FF /* KnobStyleKit.swift */; };
		944156D61F2121CC00C139B9 /* AppDelegate.swift in Sources */ = {isa = PBXBuildFile; fileRef = 944156D51F2121CC00C139B9 /* AppDelegate.swift */; };
		944156D81F2121CC00C139B9 /* ViewController.swift in Sources */ = {isa = PBXBuildFile; fileRef = 944156D71F2121CC00C139B9 /* ViewController.swift */; };
		944156DB1F2121CC00C139B9 /* Main.storyboard in Resources */ = {isa = PBXBuildFile; fileRef = 944156D91F2121CC00C139B9 /* Main.storyboard */; };
		944156DD1F2121CC00C139B9 /* Assets.xcassets in Resources */ = {isa = PBXBuildFile; fileRef = 944156DC1F2121CC00C139B9 /* Assets.xcassets */; };
		944156E01F2121CC00C139B9 /* LaunchScreen.storyboard in Resources */ = {isa = PBXBuildFile; fileRef = 944156DE1F2121CC00C139B9 /* LaunchScreen.storyboard */; };
		944156F01F21254600C139B9 /* Knob+Touches.swift in Sources */ = {isa = PBXBuildFile; fileRef = 944156ED1F21254600C139B9 /* Knob+Touches.swift */; };
		945DB4CF1F950CA300D2BEA1 /* Knob.swift in Sources */ = {isa = PBXBuildFile; fileRef = 945DB4CE1F950CA300D2BEA1 /* Knob.swift */; };
		949643111F99357A008B2992 /* ImageKnob.swift in Sources */ = {isa = PBXBuildFile; fileRef = 949643101F99357A008B2992 /* ImageKnob.swift */; };
/* End PBXBuildFile section */

/* Begin PBXFileReference section */
		942879661F216F94001C75FF /* KnobStyleKit.swift */ = {isa = PBXFileReference; fileEncoding = 4; lastKnownFileType = sourcecode.swift; path = KnobStyleKit.swift; sourceTree = "<group>"; };
		944156D21F2121CC00C139B9 /* UniversalKnob.app */ = {isa = PBXFileReference; explicitFileType = wrapper.application; includeInIndex = 0; path = UniversalKnob.app; sourceTree = BUILT_PRODUCTS_DIR; };
		944156D51F2121CC00C139B9 /* AppDelegate.swift */ = {isa = PBXFileReference; lastKnownFileType = sourcecode.swift; path = AppDelegate.swift; sourceTree = "<group>"; };
		944156D71F2121CC00C139B9 /* ViewController.swift */ = {isa = PBXFileReference; lastKnownFileType = sourcecode.swift; path = ViewController.swift; sourceTree = "<group>"; };
		944156DA1F2121CC00C139B9 /* Base */ = {isa = PBXFileReference; lastKnownFileType = file.storyboard; name = Base; path = Base.lproj/Main.storyboard; sourceTree = "<group>"; };
		944156DC1F2121CC00C139B9 /* Assets.xcassets */ = {isa = PBXFileReference; lastKnownFileType = folder.assetcatalog; path = Assets.xcassets; sourceTree = "<group>"; };
		944156DF1F2121CC00C139B9 /* Base */ = {isa = PBXFileReference; lastKnownFileType = file.storyboard; name = Base; path = Base.lproj/LaunchScreen.storyboard; sourceTree = "<group>"; };
		944156E11F2121CC00C139B9 /* Info.plist */ = {isa = PBXFileReference; lastKnownFileType = text.plist.xml; path = Info.plist; sourceTree = "<group>"; };
		944156ED1F21254600C139B9 /* Knob+Touches.swift */ = {isa = PBXFileReference; fileEncoding = 4; lastKnownFileType = sourcecode.swift; path = "Knob+Touches.swift"; sourceTree = "<group>"; };
		945DB4CE1F950CA300D2BEA1 /* Knob.swift */ = {isa = PBXFileReference; lastKnownFileType = sourcecode.swift; path = Knob.swift; sourceTree = "<group>"; };
		949643101F99357A008B2992 /* ImageKnob.swift */ = {isa = PBXFileReference; lastKnownFileType = sourcecode.swift; path = ImageKnob.swift; sourceTree = "<group>"; };
/* End PBXFileReference section */

/* Begin PBXFrameworksBuildPhase section */
		944156CF1F2121CC00C139B9 /* Frameworks */ = {
			isa = PBXFrameworksBuildPhase;
			buildActionMask = 2147483647;
			files = (
			);
			runOnlyForDeploymentPostprocessing = 0;
		};
/* End PBXFrameworksBuildPhase section */

/* Begin PBXGroup section */
		944156C91F2121CC00C139B9 = {
			isa = PBXGroup;
			children = (
				944156EB1F21253400C139B9 /* Knobs */,
				944156D41F2121CC00C139B9 /* SynthUISpike */,
				944156D31F2121CC00C139B9 /* Products */,
			);
			sourceTree = "<group>";
		};
		944156D31F2121CC00C139B9 /* Products */ = {
			isa = PBXGroup;
			children = (
				944156D21F2121CC00C139B9 /* UniversalKnob.app */,
			);
			name = Products;
			sourceTree = "<group>";
		};
		944156D41F2121CC00C139B9 /* SynthUISpike */ = {
			isa = PBXGroup;
			children = (
				944156D51F2121CC00C139B9 /* AppDelegate.swift */,
				944156D71F2121CC00C139B9 /* ViewController.swift */,
				944156D91F2121CC00C139B9 /* Main.storyboard */,
				944156DC1F2121CC00C139B9 /* Assets.xcassets */,
				944156DE1F2121CC00C139B9 /* LaunchScreen.storyboard */,
				944156E11F2121CC00C139B9 /* Info.plist */,
			);
			path = SynthUISpike;
			sourceTree = "<group>";
		};
		944156EB1F21253400C139B9 /* Knobs */ = {
			isa = PBXGroup;
			children = (
				942879661F216F94001C75FF /* KnobStyleKit.swift */,
				944156ED1F21254600C139B9 /* Knob+Touches.swift */,
				945DB4CE1F950CA300D2BEA1 /* Knob.swift */,
				949643101F99357A008B2992 /* ImageKnob.swift */,
			);
			name = Knobs;
			sourceTree = "<group>";
		};
/* End PBXGroup section */

/* Begin PBXNativeTarget section */
		944156D11F2121CC00C139B9 /* UniversalKnob */ = {
			isa = PBXNativeTarget;
			buildConfigurationList = 944156E41F2121CC00C139B9 /* Build configuration list for PBXNativeTarget "UniversalKnob" */;
			buildPhases = (
				944156CE1F2121CC00C139B9 /* Sources */,
				944156CF1F2121CC00C139B9 /* Frameworks */,
				944156D01F2121CC00C139B9 /* Resources */,
			);
			buildRules = (
			);
			dependencies = (
			);
			name = UniversalKnob;
			productName = SynthUISpike;
			productReference = 944156D21F2121CC00C139B9 /* UniversalKnob.app */;
			productType = "com.apple.product-type.application";
		};
/* End PBXNativeTarget section */

/* Begin PBXProject section */
		944156CA1F2121CC00C139B9 /* Project object */ = {
			isa = PBXProject;
			attributes = {
				LastSwiftUpdateCheck = 0830;
				LastUpgradeCheck = 0830;
				ORGANIZATIONNAME = "Matthew Fecher";
				TargetAttributes = {
					944156D11F2121CC00C139B9 = {
						CreatedOnToolsVersion = 8.3.3;
						LastSwiftMigration = 0830;
						ProvisioningStyle = Manual;
					};
				};
			};
			buildConfigurationList = 944156CD1F2121CC00C139B9 /* Build configuration list for PBXProject "UniversalKnob" */;
			compatibilityVersion = "Xcode 3.2";
			developmentRegion = English;
			hasScannedForEncodings = 0;
			knownRegions = (
				en,
				Base,
			);
			mainGroup = 944156C91F2121CC00C139B9;
			productRefGroup = 944156D31F2121CC00C139B9 /* Products */;
			projectDirPath = "";
			projectRoot = "";
			targets = (
				944156D11F2121CC00C139B9 /* UniversalKnob */,
			);
		};
/* End PBXProject section */

/* Begin PBXResourcesBuildPhase section */
		944156D01F2121CC00C139B9 /* Resources */ = {
			isa = PBXResourcesBuildPhase;
			buildActionMask = 2147483647;
			files = (
				944156E01F2121CC00C139B9 /* LaunchScreen.storyboard in Resources */,
				944156DD1F2121CC00C139B9 /* Assets.xcassets in Resources */,
				944156DB1F2121CC00C139B9 /* Main.storyboard in Resources */,
			);
			runOnlyForDeploymentPostprocessing = 0;
		};
/* End PBXResourcesBuildPhase section */

/* Begin PBXSourcesBuildPhase section */
		944156CE1F2121CC00C139B9 /* Sources */ = {
			isa = PBXSourcesBuildPhase;
			buildActionMask = 2147483647;
			files = (
				944156D81F2121CC00C139B9 /* ViewController.swift in Sources */,
				945DB4CF1F950CA300D2BEA1 /* Knob.swift in Sources */,
				944156D61F2121CC00C139B9 /* AppDelegate.swift in Sources */,
				942879671F216F94001C75FF /* KnobStyleKit.swift in Sources */,
				949643111F99357A008B2992 /* ImageKnob.swift in Sources */,
				944156F01F21254600C139B9 /* Knob+Touches.swift in Sources */,
			);
			runOnlyForDeploymentPostprocessing = 0;
		};
/* End PBXSourcesBuildPhase section */

/* Begin PBXVariantGroup section */
		944156D91F2121CC00C139B9 /* Main.storyboard */ = {
			isa = PBXVariantGroup;
			children = (
				944156DA1F2121CC00C139B9 /* Base */,
			);
			name = Main.storyboard;
			sourceTree = "<group>";
		};
		944156DE1F2121CC00C139B9 /* LaunchScreen.storyboard */ = {
			isa = PBXVariantGroup;
			children = (
				944156DF1F2121CC00C139B9 /* Base */,
			);
			name = LaunchScreen.storyboard;
			sourceTree = "<group>";
		};
/* End PBXVariantGroup section */

/* Begin XCBuildConfiguration section */
		944156E21F2121CC00C139B9 /* Debug */ = {
			isa = XCBuildConfiguration;
			buildSettings = {
				ALWAYS_SEARCH_USER_PATHS = NO;
				CLANG_ANALYZER_NONNULL = YES;
				CLANG_ANALYZER_NUMBER_OBJECT_CONVERSION = YES_AGGRESSIVE;
				CLANG_CXX_LANGUAGE_STANDARD = "gnu++0x";
				CLANG_CXX_LIBRARY = "libc++";
				CLANG_ENABLE_MODULES = YES;
				CLANG_ENABLE_OBJC_ARC = YES;
				CLANG_WARN_BOOL_CONVERSION = YES;
				CLANG_WARN_CONSTANT_CONVERSION = YES;
				CLANG_WARN_DIRECT_OBJC_ISA_USAGE = YES_ERROR;
				CLANG_WARN_DOCUMENTATION_COMMENTS = YES;
				CLANG_WARN_EMPTY_BODY = YES;
				CLANG_WARN_ENUM_CONVERSION = YES;
				CLANG_WARN_INFINITE_RECURSION = YES;
				CLANG_WARN_INT_CONVERSION = YES;
				CLANG_WARN_OBJC_ROOT_CLASS = YES_ERROR;
				CLANG_WARN_SUSPICIOUS_MOVE = YES;
				CLANG_WARN_UNREACHABLE_CODE = YES;
				CLANG_WARN__DUPLICATE_METHOD_MATCH = YES;
				"CODE_SIGN_IDENTITY[sdk=iphoneos*]" = "";
				CODE_SIGN_STYLE = Manual;
				COPY_PHASE_STRIP = NO;
				DEBUG_INFORMATION_FORMAT = dwarf;
				ENABLE_STRICT_OBJC_MSGSEND = YES;
				ENABLE_TESTABILITY = YES;
				GCC_C_LANGUAGE_STANDARD = gnu99;
				GCC_DYNAMIC_NO_PIC = NO;
				GCC_NO_COMMON_BLOCKS = YES;
				GCC_OPTIMIZATION_LEVEL = 0;
				GCC_PREPROCESSOR_DEFINITIONS = (
					"DEBUG=1",
					"$(inherited)",
				);
				GCC_WARN_64_TO_32_BIT_CONVERSION = YES;
				GCC_WARN_ABOUT_RETURN_TYPE = YES_ERROR;
				GCC_WARN_UNDECLARED_SELECTOR = YES;
				GCC_WARN_UNINITIALIZED_AUTOS = YES_AGGRESSIVE;
				GCC_WARN_UNUSED_FUNCTION = YES;
				GCC_WARN_UNUSED_VARIABLE = YES;
				IPHONEOS_DEPLOYMENT_TARGET = 10.3;
				MTL_ENABLE_DEBUG_INFO = YES;
				ONLY_ACTIVE_ARCH = YES;
				SDKROOT = iphoneos;
				SWIFT_ACTIVE_COMPILATION_CONDITIONS = DEBUG;
				SWIFT_OPTIMIZATION_LEVEL = "-Onone";
				TARGETED_DEVICE_FAMILY = "1,2";
			};
			name = Debug;
		};
		944156E31F2121CC00C139B9 /* Release */ = {
			isa = XCBuildConfiguration;
			buildSettings = {
				ALWAYS_SEARCH_USER_PATHS = NO;
				CLANG_ANALYZER_NONNULL = YES;
				CLANG_ANALYZER_NUMBER_OBJECT_CONVERSION = YES_AGGRESSIVE;
				CLANG_CXX_LANGUAGE_STANDARD = "gnu++0x";
				CLANG_CXX_LIBRARY = "libc++";
				CLANG_ENABLE_MODULES = YES;
				CLANG_ENABLE_OBJC_ARC = YES;
				CLANG_WARN_BOOL_CONVERSION = YES;
				CLANG_WARN_CONSTANT_CONVERSION = YES;
				CLANG_WARN_DIRECT_OBJC_ISA_USAGE = YES_ERROR;
				CLANG_WARN_DOCUMENTATION_COMMENTS = YES;
				CLANG_WARN_EMPTY_BODY = YES;
				CLANG_WARN_ENUM_CONVERSION = YES;
				CLANG_WARN_INFINITE_RECURSION = YES;
				CLANG_WARN_INT_CONVERSION = YES;
				CLANG_WARN_OBJC_ROOT_CLASS = YES_ERROR;
				CLANG_WARN_SUSPICIOUS_MOVE = YES;
				CLANG_WARN_UNREACHABLE_CODE = YES;
				CLANG_WARN__DUPLICATE_METHOD_MATCH = YES;
				"CODE_SIGN_IDENTITY[sdk=iphoneos*]" = "";
				CODE_SIGN_STYLE = Manual;
				COPY_PHASE_STRIP = NO;
				DEBUG_INFORMATION_FORMAT = "dwarf-with-dsym";
				ENABLE_NS_ASSERTIONS = NO;
				ENABLE_STRICT_OBJC_MSGSEND = YES;
				GCC_C_LANGUAGE_STANDARD = gnu99;
				GCC_NO_COMMON_BLOCKS = YES;
				GCC_WARN_64_TO_32_BIT_CONVERSION = YES;
				GCC_WARN_ABOUT_RETURN_TYPE = YES_ERROR;
				GCC_WARN_UNDECLARED_SELECTOR = YES;
				GCC_WARN_UNINITIALIZED_AUTOS = YES_AGGRESSIVE;
				GCC_WARN_UNUSED_FUNCTION = YES;
				GCC_WARN_UNUSED_VARIABLE = YES;
				IPHONEOS_DEPLOYMENT_TARGET = 10.3;
				MTL_ENABLE_DEBUG_INFO = NO;
				SDKROOT = iphoneos;
				SWIFT_OPTIMIZATION_LEVEL = "-Owholemodule";
				TARGETED_DEVICE_FAMILY = "1,2";
				VALIDATE_PRODUCT = YES;
			};
			name = Release;
		};
		944156E51F2121CC00C139B9 /* Debug */ = {
			isa = XCBuildConfiguration;
			buildSettings = {
				ASSETCATALOG_COMPILER_APPICON_NAME = AppIcon;
				INFOPLIST_FILE = SynthUISpike/Info.plist;
				IPHONEOS_DEPLOYMENT_TARGET = 8.0;
				LD_RUNPATH_SEARCH_PATHS = "$(inherited) @executable_path/Frameworks";
				PRODUCT_BUNDLE_IDENTIFIER = com.audiokitpro.UniversalKnob;
				PRODUCT_NAME = "$(TARGET_NAME)";
				SWIFT_VERSION = 3.0;
			};
			name = Debug;
		};
		944156E61F2121CC00C139B9 /* Release */ = {
			isa = XCBuildConfiguration;
			buildSettings = {
				ASSETCATALOG_COMPILER_APPICON_NAME = AppIcon;
				INFOPLIST_FILE = SynthUISpike/Info.plist;
				IPHONEOS_DEPLOYMENT_TARGET = 8.0;
				LD_RUNPATH_SEARCH_PATHS = "$(inherited) @executable_path/Frameworks";
				PRODUCT_BUNDLE_IDENTIFIER = com.audiokitpro.UniversalKnob;
				PRODUCT_NAME = "$(TARGET_NAME)";
				SWIFT_VERSION = 3.0;
			};
			name = Release;
		};
/* End XCBuildConfiguration section */

/* Begin XCConfigurationList section */
		944156CD1F2121CC00C139B9 /* Build configuration list for PBXProject "UniversalKnob" */ = {
			isa = XCConfigurationList;
			buildConfigurations = (
				944156E21F2121CC00C139B9 /* Debug */,
				944156E31F2121CC00C139B9 /* Release */,
			);
			defaultConfigurationIsVisible = 0;
			defaultConfigurationName = Release;
		};
		944156E41F2121CC00C139B9 /* Build configuration list for PBXNativeTarget "UniversalKnob" */ = {
			isa = XCConfigurationList;
			buildConfigurations = (
				944156E51F2121CC00C139B9 /* Debug */,
				944156E61F2121CC00C139B9 /* Release */,
			);
			defaultConfigurationIsVisible = 0;
			defaultConfigurationName = Release;
		};
/* End XCConfigurationList section */
	};
	rootObject = 944156CA1F2121CC00C139B9 /* Project object */;
}
